
Microsoft Visual Studio Solution File, Format Version 12.00
# Visual Studio Version 17
VisualStudioVersion = 17.2.32602.215
MinimumVisualStudioVersion = 10.0.40219.1
Project("{FAE04EC0-301F-11D3-BF4B-00C04F79EFBC}") = "lanterna.UWP", "lanterna\lanterna.UWP\lanterna.UWP.csproj", "{1B103F8B-A9E7-461E-9E2B-EE04596FAA78}"
EndProject
Project("{FAE04EC0-301F-11D3-BF4B-00C04F79EFBC}") = "lanterna.Android", "lanterna\lanterna.Android\lanterna.Android.csproj", "{2A387DB3-605B-4FE7-9868-8910FC5A236E}"
EndProject
Project("{FAE04EC0-301F-11D3-BF4B-00C04F79EFBC}") = "lanterna.iOS", "lanterna\lanterna.iOS\lanterna.iOS.csproj", "{EA1EEA8D-7C50-4FCA-9514-0588CBF13E54}"
EndProject
Project("{FAE04EC0-301F-11D3-BF4B-00C04F79EFBC}") = "lanterna", "lanterna\lanterna\lanterna.csproj", "{3C10C72B-35D2-4D2F-82A9-38B387939D6A}"
EndProject
Global
	GlobalSection(SolutionConfigurationPlatforms) = preSolution
		Debug|Any CPU = Debug|Any CPU
		Debug|ARM = Debug|ARM
		Debug|iPhone = Debug|iPhone
		Debug|iPhoneSimulator = Debug|iPhoneSimulator
		Debug|x64 = Debug|x64
		Debug|x86 = Debug|x86
		Release|Any CPU = Release|Any CPU
		Release|ARM = Release|ARM
		Release|iPhone = Release|iPhone
		Release|iPhoneSimulator = Release|iPhoneSimulator
		Release|x64 = Release|x64
		Release|x86 = Release|x86
	EndGlobalSection
	GlobalSection(ProjectConfigurationPlatforms) = postSolution
		{1B103F8B-A9E7-461E-9E2B-EE04596FAA78}.Debug|Any CPU.ActiveCfg = Debug|x64
		{1B103F8B-A9E7-461E-9E2B-EE04596FAA78}.Debug|Any CPU.Build.0 = Debug|x64
		{1B103F8B-A9E7-461E-9E2B-EE04596FAA78}.Debug|Any CPU.Deploy.0 = Debug|x64
		{1B103F8B-A9E7-461E-9E2B-EE04596FAA78}.Debug|ARM.ActiveCfg = Debug|ARM
		{1B103F8B-A9E7-461E-9E2B-EE04596FAA78}.Debug|ARM.Build.0 = Debug|ARM
		{1B103F8B-A9E7-461E-9E2B-EE04596FAA78}.Debug|ARM.Deploy.0 = Debug|ARM
		{1B103F8B-A9E7-461E-9E2B-EE04596FAA78}.Debug|iPhone.ActiveCfg = Debug|x64
		{1B103F8B-A9E7-461E-9E2B-EE04596FAA78}.Debug|iPhone.Build.0 = Debug|x64
		{1B103F8B-A9E7-461E-9E2B-EE04596FAA78}.Debug|iPhone.Deploy.0 = Debug|x64
		{1B103F8B-A9E7-461E-9E2B-EE04596FAA78}.Debug|iPhoneSimulator.ActiveCfg = Debug|x64
		{1B103F8B-A9E7-461E-9E2B-EE04596FAA78}.Debug|iPhoneSimulator.Build.0 = Debug|x64
		{1B103F8B-A9E7-461E-9E2B-EE04596FAA78}.Debug|iPhoneSimulator.Deploy.0 = Debug|x64
		{1B103F8B-A9E7-461E-9E2B-EE04596FAA78}.Debug|x64.ActiveCfg = Debug|x64
		{1B103F8B-A9E7-461E-9E2B-EE04596FAA78}.Debug|x64.Build.0 = Debug|x64
		{1B103F8B-A9E7-461E-9E2B-EE04596FAA78}.Debug|x64.Deploy.0 = Debug|x64
		{1B103F8B-A9E7-461E-9E2B-EE04596FAA78}.Debug|x86.ActiveCfg = Debug|x86
		{1B103F8B-A9E7-461E-9E2B-EE04596FAA78}.Debug|x86.Build.0 = Debug|x86
		{1B103F8B-A9E7-461E-9E2B-EE04596FAA78}.Debug|x86.Deploy.0 = Debug|x86
		{1B103F8B-A9E7-461E-9E2B-EE04596FAA78}.Release|Any CPU.ActiveCfg = Release|x64
		{1B103F8B-A9E7-461E-9E2B-EE04596FAA78}.Release|Any CPU.Build.0 = Release|x64
		{1B103F8B-A9E7-461E-9E2B-EE04596FAA78}.Release|Any CPU.Deploy.0 = Release|x64
		{1B103F8B-A9E7-461E-9E2B-EE04596FAA78}.Release|ARM.ActiveCfg = Release|ARM
		{1B103F8B-A9E7-461E-9E2B-EE04596FAA78}.Release|ARM.Build.0 = Release|ARM
		{1B103F8B-A9E7-461E-9E2B-EE04596FAA78}.Release|ARM.Deploy.0 = Release|ARM
		{1B103F8B-A9E7-461E-9E2B-EE04596FAA78}.Release|iPhone.ActiveCfg = Release|x64
		{1B103F8B-A9E7-461E-9E2B-EE04596FAA78}.Release|iPhone.Build.0 = Release|x64
		{1B103F8B-A9E7-461E-9E2B-EE04596FAA78}.Release|iPhone.Deploy.0 = Release|x64
		{1B103F8B-A9E7-461E-9E2B-EE04596FAA78}.Release|iPhoneSimulator.ActiveCfg = Release|x64
		{1B103F8B-A9E7-461E-9E2B-EE04596FAA78}.Release|iPhoneSimulator.Build.0 = Release|x64
		{1B103F8B-A9E7-461E-9E2B-EE04596FAA78}.Release|iPhoneSimulator.Deploy.0 = Release|x64
		{1B103F8B-A9E7-461E-9E2B-EE04596FAA78}.Release|x64.ActiveCfg = Release|x64
		{1B103F8B-A9E7-461E-9E2B-EE04596FAA78}.Release|x64.Build.0 = Release|x64
		{1B103F8B-A9E7-461E-9E2B-EE04596FAA78}.Release|x64.Deploy.0 = Release|x64
		{1B103F8B-A9E7-461E-9E2B-EE04596FAA78}.Release|x86.ActiveCfg = Release|x86
		{1B103F8B-A9E7-461E-9E2B-EE04596FAA78}.Release|x86.Build.0 = Release|x86
		{1B103F8B-A9E7-461E-9E2B-EE04596FAA78}.Release|x86.Deploy.0 = Release|x86
		{2A387DB3-605B-4FE7-9868-8910FC5A236E}.Debug|Any CPU.ActiveCfg = Debug|Any CPU
		{2A387DB3-605B-4FE7-9868-8910FC5A236E}.Debug|Any CPU.Build.0 = Debug|Any CPU
		{2A387DB3-605B-4FE7-9868-8910FC5A236E}.Debug|Any CPU.Deploy.0 = Debug|Any CPU
		{2A387DB3-605B-4FE7-9868-8910FC5A236E}.Debug|ARM.ActiveCfg = Debug|Any CPU
		{2A387DB3-605B-4FE7-9868-8910FC5A236E}.Debug|ARM.Build.0 = Debug|Any CPU
		{2A387DB3-605B-4FE7-9868-8910FC5A236E}.Debug|ARM.Deploy.0 = Debug|Any CPU
		{2A387DB3-605B-4FE7-9868-8910FC5A236E}.Debug|iPhone.ActiveCfg = Debug|Any CPU
		{2A387DB3-605B-4FE7-9868-8910FC5A236E}.Debug|iPhone.Build.0 = Debug|Any CPU
		{2A387DB3-605B-4FE7-9868-8910FC5A236E}.Debug|iPhone.Deploy.0 = Debug|Any CPU
		{2A387DB3-605B-4FE7-9868-8910FC5A236E}.Debug|iPhoneSimulator.ActiveCfg = Debug|Any CPU
		{2A387DB3-605B-4FE7-9868-8910FC5A236E}.Debug|iPhoneSimulator.Build.0 = Debug|Any CPU
		{2A387DB3-605B-4FE7-9868-8910FC5A236E}.Debug|iPhoneSimulator.Deploy.0 = Debug|Any CPU
		{2A387DB3-605B-4FE7-9868-8910FC5A236E}.Debug|x64.ActiveCfg = Debug|Any CPU
		{2A387DB3-605B-4FE7-9868-8910FC5A236E}.Debug|x64.Build.0 = Debug|Any CPU
		{2A387DB3-605B-4FE7-9868-8910FC5A236E}.Debug|x64.Deploy.0 = Debug|Any CPU
		{2A387DB3-605B-4FE7-9868-8910FC5A236E}.Debug|x86.ActiveCfg = Debug|Any CPU
		{2A387DB3-605B-4FE7-9868-8910FC5A236E}.Debug|x86.Build.0 = Debug|Any CPU
		{2A387DB3-605B-4FE7-9868-8910FC5A236E}.Debug|x86.Deploy.0 = Debug|Any CPU
		{2A387DB3-605B-4FE7-9868-8910FC5A236E}.Release|Any CPU.ActiveCfg = Release|Any CPU
		{2A387DB3-605B-4FE7-9868-8910FC5A236E}.Release|Any CPU.Build.0 = Release|Any CPU
		{2A387DB3-605B-4FE7-9868-8910FC5A236E}.Release|Any CPU.Deploy.0 = Release|Any CPU
		{2A387DB3-605B-4FE7-9868-8910FC5A236E}.Release|ARM.ActiveCfg = Release|Any CPU
		{2A387DB3-605B-4FE7-9868-8910FC5A236E}.Release|ARM.Build.0 = Release|Any CPU
		{2A387DB3-605B-4FE7-9868-8910FC5A236E}.Release|ARM.Deploy.0 = Release|Any CPU
		{2A387DB3-605B-4FE7-9868-8910FC5A236E}.Release|iPhone.ActiveCfg = Release|Any CPU
		{2A387DB3-605B-4FE7-9868-8910FC5A236E}.Release|iPhone.Build.0 = Release|Any CPU
		{2A387DB3-605B-4FE7-9868-8910FC5A236E}.Release|iPhone.Deploy.0 = Release|Any CPU
		{2A387DB3-605B-4FE7-9868-8910FC5A236E}.Release|iPhoneSimulator.ActiveCfg = Release|Any CPU
		{2A387DB3-605B-4FE7-9868-8910FC5A236E}.Release|iPhoneSimulator.Build.0 = Release|Any CPU
		{2A387DB3-605B-4FE7-9868-8910FC5A236E}.Release|iPhoneSimulator.Deploy.0 = Release|Any CPU
		{2A387DB3-605B-4FE7-9868-8910FC5A236E}.Release|x64.ActiveCfg = Release|Any CPU
		{2A387DB3-605B-4FE7-9868-8910FC5A236E}.Release|x64.Build.0 = Release|Any CPU
		{2A387DB3-605B-4FE7-9868-8910FC5A236E}.Release|x64.Deploy.0 = Release|Any CPU
		{2A387DB3-605B-4FE7-9868-8910FC5A236E}.Release|x86.ActiveCfg = Release|Any CPU
		{2A387DB3-605B-4FE7-9868-8910FC5A236E}.Release|x86.Build.0 = Release|Any CPU
		{2A387DB3-605B-4FE7-9868-8910FC5A236E}.Release|x86.Deploy.0 = Release|Any CPU
		{EA1EEA8D-7C50-4FCA-9514-0588CBF13E54}.Debug|Any CPU.ActiveCfg = Debug|iPhoneSimulator
		{EA1EEA8D-7C50-4FCA-9514-0588CBF13E54}.Debug|Any CPU.Build.0 = Debug|iPhoneSimulator
		{EA1EEA8D-7C50-4FCA-9514-0588CBF13E54}.Debug|Any CPU.Deploy.0 = Debug|iPhoneSimulator
		{EA1EEA8D-7C50-4FCA-9514-0588CBF13E54}.Debug|ARM.ActiveCfg = Debug|iPhoneSimulator
		{EA1EEA8D-7C50-4FCA-9514-0588CBF13E54}.Debug|ARM.Build.0 = Debug|iPhoneSimulator
		{EA1EEA8D-7C50-4FCA-9514-0588CBF13E54}.Debug|ARM.Deploy.0 = Debug|iPhoneSimulator
		{EA1EEA8D-7C50-4FCA-9514-0588CBF13E54}.Debug|iPhone.ActiveCfg = Debug|iPhone
		{EA1EEA8D-7C50-4FCA-9514-0588CBF13E54}.Debug|iPhone.Build.0 = Debug|iPhone
		{EA1EEA8D-7C50-4FCA-9514-0588CBF13E54}.Debug|iPhone.Deploy.0 = Debug|iPhone
		{EA1EEA8D-7C50-4FCA-9514-0588CBF13E54}.Debug|iPhoneSimulator.ActiveCfg = Debug|iPhoneSimulator
		{EA1EEA8D-7C50-4FCA-9514-0588CBF13E54}.Debug|iPhoneSimulator.Build.0 = Debug|iPhoneSimulator
		{EA1EEA8D-7C50-4FCA-9514-0588CBF13E54}.Debug|iPhoneSimulator.Deploy.0 = Debug|iPhoneSimulator
		{EA1EEA8D-7C50-4FCA-9514-0588CBF13E54}.Debug|x64.ActiveCfg = Debug|iPhone
		{EA1EEA8D-7C50-4FCA-9514-0588CBF13E54}.Debug|x64.Build.0 = Debug|iPhone
		{EA1EEA8D-7C50-4FCA-9514-0588CBF13E54}.Debug|x64.Deploy.0 = Debug|iPhone
		{EA1EEA8D-7C50-4FCA-9514-0588CBF13E54}.Debug|x86.ActiveCfg = Debug|iPhoneSimulator
		{EA1EEA8D-7C50-4FCA-9514-0588CBF13E54}.Debug|x86.Build.0 = Debug|iPhoneSimulator
		{EA1EEA8D-7C50-4FCA-9514-0588CBF13E54}.Debug|x86.Deploy.0 = Debug|iPhoneSimulator
		{EA1EEA8D-7C50-4FCA-9514-0588CBF13E54}.Release|Any CPU.ActiveCfg = Release|iPhoneSimulator
		{EA1EEA8D-7C50-4FCA-9514-0588CBF13E54}.Release|Any CPU.Build.0 = Release|iPhoneSimulator
		{EA1EEA8D-7C50-4FCA-9514-0588CBF13E54}.Release|Any CPU.Deploy.0 = Release|iPhoneSimulator
		{EA1EEA8D-7C50-4FCA-9514-0588CBF13E54}.Release|ARM.ActiveCfg = Release|iPhoneSimulator
		{EA1EEA8D-7C50-4FCA-9514-0588CBF13E54}.Release|ARM.Build.0 = Release|iPhoneSimulator
		{EA1EEA8D-7C50-4FCA-9514-0588CBF13E54}.Release|ARM.Deploy.0 = Release|iPhoneSimulator
		{EA1EEA8D-7C50-4FCA-9514-0588CBF13E54}.Release|iPhone.ActiveCfg = Release|iPhone
		{EA1EEA8D-7C50-4FCA-9514-0588CBF13E54}.Release|iPhone.Build.0 = Release|iPhone
		{EA1EEA8D-7C50-4FCA-9514-0588CBF13E54}.Release|iPhone.Deploy.0 = Release|iPhone
		{EA1EEA8D-7C50-4FCA-9514-0588CBF13E54}.Release|iPhoneSimulator.ActiveCfg = Release|iPhoneSimulator
		{EA1EEA8D-7C50-4FCA-9514-0588CBF13E54}.Release|iPhoneSimulator.Build.0 = Release|iPhoneSimulator
		{EA1EEA8D-7C50-4FCA-9514-0588CBF13E54}.Release|iPhoneSimulator.Deploy.0 = Release|iPhoneSimulator
		{EA1EEA8D-7C50-4FCA-9514-0588CBF13E54}.Release|x64.ActiveCfg = Release|iPhoneSimulator
		{EA1EEA8D-7C50-4FCA-9514-0588CBF13E54}.Release|x64.Build.0 = Release|iPhoneSimulator
		{EA1EEA8D-7C50-4FCA-9514-0588CBF13E54}.Release|x64.Deploy.0 = Release|iPhoneSimulator
		{EA1EEA8D-7C50-4FCA-9514-0588CBF13E54}.Release|x86.ActiveCfg = Release|iPhoneSimulator
		{EA1EEA8D-7C50-4FCA-9514-0588CBF13E54}.Release|x86.Build.0 = Release|iPhoneSimulator
		{EA1EEA8D-7C50-4FCA-9514-0588CBF13E54}.Release|x86.Deploy.0 = Release|iPhoneSimulator
		{3C10C72B-35D2-4D2F-82A9-38B387939D6A}.Debug|Any CPU.ActiveCfg = Debug|Any CPU
		{3C10C72B-35D2-4D2F-82A9-38B387939D6A}.Debug|Any CPU.Build.0 = Debug|Any CPU
		{3C10C72B-35D2-4D2F-82A9-38B387939D6A}.Debug|Any CPU.Deploy.0 = Debug|Any CPU
		{3C10C72B-35D2-4D2F-82A9-38B387939D6A}.Debug|ARM.ActiveCfg = Debug|Any CPU
		{3C10C72B-35D2-4D2F-82A9-38B387939D6A}.Debug|ARM.Build.0 = Debug|Any CPU
		{3C10C72B-35D2-4D2F-82A9-38B387939D6A}.Debug|ARM.Deploy.0 = Debug|Any CPU
		{3C10C72B-35D2-4D2F-82A9-38B387939D6A}.Debug|iPhone.ActiveCfg = Debug|Any CPU
		{3C10C72B-35D2-4D2F-82A9-38B387939D6A}.Debug|iPhone.Build.0 = Debug|Any CPU
		{3C10C72B-35D2-4D2F-82A9-38B387939D6A}.Debug|iPhone.Deploy.0 = Debug|Any CPU
		{3C10C72B-35D2-4D2F-82A9-38B387939D6A}.Debug|iPhoneSimulator.ActiveCfg = Debug|Any CPU
		{3C10C72B-35D2-4D2F-82A9-38B387939D6A}.Debug|iPhoneSimulator.Build.0 = Debug|Any CPU
		{3C10C72B-35D2-4D2F-82A9-38B387939D6A}.Debug|iPhoneSimulator.Deploy.0 = Debug|Any CPU
		{3C10C72B-35D2-4D2F-82A9-38B387939D6A}.Debug|x64.ActiveCfg = Debug|Any CPU
		{3C10C72B-35D2-4D2F-82A9-38B387939D6A}.Debug|x64.Build.0 = Debug|Any CPU
		{3C10C72B-35D2-4D2F-82A9-38B387939D6A}.Debug|x64.Deploy.0 = Debug|Any CPU
		{3C10C72B-35D2-4D2F-82A9-38B387939D6A}.Debug|x86.ActiveCfg = Debug|Any CPU
		{3C10C72B-35D2-4D2F-82A9-38B387939D6A}.Debug|x86.Build.0 = Debug|Any CPU
		{3C10C72B-35D2-4D2F-82A9-38B387939D6A}.Debug|x86.Deploy.0 = Debug|Any CPU
		{3C10C72B-35D2-4D2F-82A9-38B387939D6A}.Release|Any CPU.ActiveCfg = Release|Any CPU
		{3C10C72B-35D2-4D2F-82A9-38B387939D6A}.Release|Any CPU.Build.0 = Release|Any CPU
		{3C10C72B-35D2-4D2F-82A9-38B387939D6A}.Release|Any CPU.Deploy.0 = Release|Any CPU
		{3C10C72B-35D2-4D2F-82A9-38B387939D6A}.Release|ARM.ActiveCfg = Release|Any CPU
		{3C10C72B-35D2-4D2F-82A9-38B387939D6A}.Release|ARM.Build.0 = Release|Any CPU
		{3C10C72B-35D2-4D2F-82A9-38B387939D6A}.Release|ARM.Deploy.0 = Release|Any CPU
		{3C10C72B-35D2-4D2F-82A9-38B387939D6A}.Release|iPhone.ActiveCfg = Release|Any CPU
		{3C10C72B-35D2-4D2F-82A9-38B387939D6A}.Release|iPhone.Build.0 = Release|Any CPU
		{3C10C72B-35D2-4D2F-82A9-38B387939D6A}.Release|iPhone.Deploy.0 = Release|Any CPU
		{3C10C72B-35D2-4D2F-82A9-38B387939D6A}.Release|iPhoneSimulator.ActiveCfg = Release|Any CPU
		{3C10C72B-35D2-4D2F-82A9-38B387939D6A}.Release|iPhoneSimulator.Build.0 = Release|Any CPU
		{3C10C72B-35D2-4D2F-82A9-38B387939D6A}.Release|iPhoneSimulator.Deploy.0 = Release|Any CPU
		{3C10C72B-35D2-4D2F-82A9-38B387939D6A}.Release|x64.ActiveCfg = Release|Any CPU
		{3C10C72B-35D2-4D2F-82A9-38B387939D6A}.Release|x64.Build.0 = Release|Any CPU
		{3C10C72B-35D2-4D2F-82A9-38B387939D6A}.Release|x64.Deploy.0 = Release|Any CPU
		{3C10C72B-35D2-4D2F-82A9-38B387939D6A}.Release|x86.ActiveCfg = Release|Any CPU
		{3C10C72B-35D2-4D2F-82A9-38B387939D6A}.Release|x86.Build.0 = Release|Any CPU
		{3C10C72B-35D2-4D2F-82A9-38B387939D6A}.Release|x86.Deploy.0 = Release|Any CPU
	EndGlobalSection
	GlobalSection(SolutionProperties) = preSolution
		HideSolutionNode = FALSE
	EndGlobalSection
	GlobalSection(ExtensibilityGlobals) = postSolution
		SolutionGuid = {E0D1857F-0ACE-43CE-8075-D908D01785A6}
	EndGlobalSection
EndGlobal
